
Microsoft Visual Studio Solution File, Format Version 12.00
# Visual Studio Version 17
VisualStudioVersion = 17.12.35527.113 d17.12
MinimumVisualStudioVersion = 10.0.40219.1
Project("{FAE04EC0-301F-11D3-BF4B-00C04F79EFBC}") = "PTB1", "..\PTB1\PTB1.csproj", "{719707F9-DF1B-4D3E-BA03-D5FA5AFDA625}"
EndProject
Project("{FAE04EC0-301F-11D3-BF4B-00C04F79EFBC}") = "PTB2", "PTB2\PTB2.csproj", "{6EAB4555-40EB-46B9-972D-D0524B27C320}"
EndProject
Global
	GlobalSection(SolutionConfigurationPlatforms) = preSolution
		Debug|Any CPU = Debug|Any CPU
		Release|Any CPU = Release|Any CPU
	EndGlobalSection
	GlobalSection(ProjectConfigurationPlatforms) = postSolution
		{719707F9-DF1B-4D3E-BA03-D5FA5AFDA625}.Debug|Any CPU.ActiveCfg = Debug|Any CPU
		{719707F9-DF1B-4D3E-BA03-D5FA5AFDA625}.Debug|Any CPU.Build.0 = Debug|Any CPU
		{719707F9-DF1B-4D3E-BA03-D5FA5AFDA625}.Release|Any CPU.ActiveCfg = Release|Any CPU
		{719707F9-DF1B-4D3E-BA03-D5FA5AFDA625}.Release|Any CPU.Build.0 = Release|Any CPU
		{6EAB4555-40EB-46B9-972D-D0524B27C320}.Debug|Any CPU.ActiveCfg = Debug|Any CPU
		{6EAB4555-40EB-46B9-972D-D0524B27C320}.Debug|Any CPU.Build.0 = Debug|Any CPU
		{6EAB4555-40EB-46B9-972D-D0524B27C320}.Release|Any CPU.ActiveCfg = Release|Any CPU
		{6EAB4555-40EB-46B9-972D-D0524B27C320}.Release|Any CPU.Build.0 = Release|Any CPU
	EndGlobalSection
	GlobalSection(SolutionProperties) = preSolution
		HideSolutionNode = FALSE
	EndGlobalSection
EndGlobal
